
Microsoft Visual Studio Solution File, Format Version 12.00
# Visual Studio Version 17
VisualStudioVersion = 17.2.32602.215
MinimumVisualStudioVersion = 10.0.40219.1
Project("{FAE04EC0-301F-11D3-BF4B-00C04F79EFBC}") = "Exercise 5", "Exercise 4\Exercise 5.csproj", "{110EFD02-197B-46FC-8B10-E05269AA7157}"
EndProject
Global
	GlobalSection(SolutionConfigurationPlatforms) = preSolution
		Debug|Any CPU = Debug|Any CPU
		Release|Any CPU = Release|Any CPU
	EndGlobalSection
	GlobalSection(ProjectConfigurationPlatforms) = postSolution
		{110EFD02-197B-46FC-8B10-E05269AA7157}.Debug|Any CPU.ActiveCfg = Debug|Any CPU
		{110EFD02-197B-46FC-8B10-E05269AA7157}.Debug|Any CPU.Build.0 = Debug|Any CPU
		{110EFD02-197B-46FC-8B10-E05269AA7157}.Release|Any CPU.ActiveCfg = Release|Any CPU
		{110EFD02-197B-46FC-8B10-E05269AA7157}.Release|Any CPU.Build.0 = Release|Any CPU
	EndGlobalSection
	GlobalSection(SolutionProperties) = preSolution
		HideSolutionNode = FALSE
	EndGlobalSection
	GlobalSection(ExtensibilityGlobals) = postSolution
		SolutionGuid = {8A59A565-19DB-4F37-8A7E-7D06BA1697FB}
	EndGlobalSection
EndGlobal
